
Microsoft Visual Studio Solution File, Format Version 12.00
# Visual Studio Version 17
VisualStudioVersion = 17.4.33122.133
MinimumVisualStudioVersion = 10.0.40219.1
Project("{888888A0-9F3D-457C-B088-3A5042F75D52}") = "aaa", "aaa\aaa.pyproj", "{F6CD5E29-F4CF-4057-849D-770933CB987B}"
EndProject
Global
	GlobalSection(SolutionConfigurationPlatforms) = preSolution
		Debug|Any CPU = Debug|Any CPU
		Release|Any CPU = Release|Any CPU
	EndGlobalSection
	GlobalSection(ProjectConfigurationPlatforms) = postSolution
		{F6CD5E29-F4CF-4057-849D-770933CB987B}.Debug|Any CPU.ActiveCfg = Debug|Any CPU
		{F6CD5E29-F4CF-4057-849D-770933CB987B}.Release|Any CPU.ActiveCfg = Release|Any CPU
	EndGlobalSection
	GlobalSection(SolutionProperties) = preSolution
		HideSolutionNode = FALSE
	EndGlobalSection
	GlobalSection(ExtensibilityGlobals) = postSolution
		SolutionGuid = {B685A4C9-D5BA-4462-9A03-30E6EA30CDAB}
	EndGlobalSection
EndGlobal
